
Microsoft Visual Studio Solution File, Format Version 12.00
# Visual Studio Version 16
VisualStudioVersion = 16.0.32428.217
MinimumVisualStudioVersion = 10.0.40219.1
Project("{2150E333-8FDC-42A3-9474-1A3956D46DE8}") = "Services", "Services", "{C1BF5094-32D5-4C2E-B205-EEDBB923BD60}"
EndProject
Project("{2150E333-8FDC-42A3-9474-1A3956D46DE8}") = "Catalog", "Catalog", "{46FE2772-D931-48C1-95D5-70804D13FFBF}"
EndProject
Project("{9A19103F-16F7-4668-BE54-9A1E7A4F7556}") = "Catalog.API", "Services\Catalog\Catalog.API\Catalog.API.csproj", "{9FB893C0-F504-4068-A00E-8DE47592E123}"
EndProject
Project("{E53339B2-1760-4266-BCC7-CA923CBCF16C}") = "docker-compose", "docker-compose.dcproj", "{3261D0B3-FB01-4DBD-B57A-8251BAF67FFC}"
EndProject
Project("{2150E333-8FDC-42A3-9474-1A3956D46DE8}") = "Basket", "Basket", "{E0A5F4A5-B49D-4980-B1D6-A9FA48308540}"
EndProject
Project("{9A19103F-16F7-4668-BE54-9A1E7A4F7556}") = "Basket.API", "Services\Basket\Basket.API\Basket.API.csproj", "{96177A17-180F-4E5E-BDC6-ED75FB8BA2F9}"
EndProject
Project("{2150E333-8FDC-42A3-9474-1A3956D46DE8}") = "Discount", "Discount", "{46A5BF07-9E4F-435C-B9FB-55C24758F09A}"
EndProject
Project("{9A19103F-16F7-4668-BE54-9A1E7A4F7556}") = "Discount.API", "Services\Discount\Discount.API\Discount.API.csproj", "{F250414F-95F8-46C5-AEC1-12F299BC37E3}"
EndProject
Project("{9A19103F-16F7-4668-BE54-9A1E7A4F7556}") = "Discount.Grpc", "Services\Discount\Discount.Grpc\Discount.Grpc.csproj", "{8AEDD082-6AC6-4D3E-A78A-33C0945692F1}"
EndProject
Project("{2150E333-8FDC-42A3-9474-1A3956D46DE8}") = "Ordering", "Ordering", "{66468A4C-0770-4333-BFB6-CE52C061047F}"
EndProject
Project("{FAE04EC0-301F-11D3-BF4B-00C04F79EFBC}") = "Ordering.API", "Services\Ordering\Ordering.API\Ordering.API.csproj", "{9963433C-001F-4D10-B790-FCFDFA6FB34E}"
EndProject
Global
	GlobalSection(SolutionConfigurationPlatforms) = preSolution
		Debug|Any CPU = Debug|Any CPU
		Release|Any CPU = Release|Any CPU
	EndGlobalSection
	GlobalSection(ProjectConfigurationPlatforms) = postSolution
		{9FB893C0-F504-4068-A00E-8DE47592E123}.Debug|Any CPU.ActiveCfg = Debug|Any CPU
		{9FB893C0-F504-4068-A00E-8DE47592E123}.Debug|Any CPU.Build.0 = Debug|Any CPU
		{9FB893C0-F504-4068-A00E-8DE47592E123}.Release|Any CPU.ActiveCfg = Release|Any CPU
		{9FB893C0-F504-4068-A00E-8DE47592E123}.Release|Any CPU.Build.0 = Release|Any CPU
		{3261D0B3-FB01-4DBD-B57A-8251BAF67FFC}.Debug|Any CPU.ActiveCfg = Debug|Any CPU
		{3261D0B3-FB01-4DBD-B57A-8251BAF67FFC}.Debug|Any CPU.Build.0 = Debug|Any CPU
		{3261D0B3-FB01-4DBD-B57A-8251BAF67FFC}.Release|Any CPU.ActiveCfg = Release|Any CPU
		{3261D0B3-FB01-4DBD-B57A-8251BAF67FFC}.Release|Any CPU.Build.0 = Release|Any CPU
		{96177A17-180F-4E5E-BDC6-ED75FB8BA2F9}.Debug|Any CPU.ActiveCfg = Debug|Any CPU
		{96177A17-180F-4E5E-BDC6-ED75FB8BA2F9}.Debug|Any CPU.Build.0 = Debug|Any CPU
		{96177A17-180F-4E5E-BDC6-ED75FB8BA2F9}.Release|Any CPU.ActiveCfg = Release|Any CPU
		{96177A17-180F-4E5E-BDC6-ED75FB8BA2F9}.Release|Any CPU.Build.0 = Release|Any CPU
		{F250414F-95F8-46C5-AEC1-12F299BC37E3}.Debug|Any CPU.ActiveCfg = Debug|Any CPU
		{F250414F-95F8-46C5-AEC1-12F299BC37E3}.Debug|Any CPU.Build.0 = Debug|Any CPU
		{F250414F-95F8-46C5-AEC1-12F299BC37E3}.Release|Any CPU.ActiveCfg = Release|Any CPU
		{F250414F-95F8-46C5-AEC1-12F299BC37E3}.Release|Any CPU.Build.0 = Release|Any CPU
		{8AEDD082-6AC6-4D3E-A78A-33C0945692F1}.Debug|Any CPU.ActiveCfg = Debug|Any CPU
		{8AEDD082-6AC6-4D3E-A78A-33C0945692F1}.Debug|Any CPU.Build.0 = Debug|Any CPU
		{8AEDD082-6AC6-4D3E-A78A-33C0945692F1}.Release|Any CPU.ActiveCfg = Release|Any CPU
		{8AEDD082-6AC6-4D3E-A78A-33C0945692F1}.Release|Any CPU.Build.0 = Release|Any CPU
		{9963433C-001F-4D10-B790-FCFDFA6FB34E}.Debug|Any CPU.ActiveCfg = Debug|Any CPU
		{9963433C-001F-4D10-B790-FCFDFA6FB34E}.Debug|Any CPU.Build.0 = Debug|Any CPU
		{9963433C-001F-4D10-B790-FCFDFA6FB34E}.Release|Any CPU.ActiveCfg = Release|Any CPU
		{9963433C-001F-4D10-B790-FCFDFA6FB34E}.Release|Any CPU.Build.0 = Release|Any CPU
	EndGlobalSection
	GlobalSection(SolutionProperties) = preSolution
		HideSolutionNode = FALSE
	EndGlobalSection
	GlobalSection(NestedProjects) = preSolution
		{46FE2772-D931-48C1-95D5-70804D13FFBF} = {C1BF5094-32D5-4C2E-B205-EEDBB923BD60}
		{9FB893C0-F504-4068-A00E-8DE47592E123} = {46FE2772-D931-48C1-95D5-70804D13FFBF}
		{E0A5F4A5-B49D-4980-B1D6-A9FA48308540} = {C1BF5094-32D5-4C2E-B205-EEDBB923BD60}
		{96177A17-180F-4E5E-BDC6-ED75FB8BA2F9} = {E0A5F4A5-B49D-4980-B1D6-A9FA48308540}
		{46A5BF07-9E4F-435C-B9FB-55C24758F09A} = {C1BF5094-32D5-4C2E-B205-EEDBB923BD60}
		{F250414F-95F8-46C5-AEC1-12F299BC37E3} = {46A5BF07-9E4F-435C-B9FB-55C24758F09A}
		{8AEDD082-6AC6-4D3E-A78A-33C0945692F1} = {46A5BF07-9E4F-435C-B9FB-55C24758F09A}
		{66468A4C-0770-4333-BFB6-CE52C061047F} = {C1BF5094-32D5-4C2E-B205-EEDBB923BD60}
		{9963433C-001F-4D10-B790-FCFDFA6FB34E} = {66468A4C-0770-4333-BFB6-CE52C061047F}
	EndGlobalSection
	GlobalSection(ExtensibilityGlobals) = postSolution
		SolutionGuid = {29AF052A-556F-4ACD-97DB-D7A45264B2A6}
	EndGlobalSection
EndGlobal
